github.com/gonum/graph v0.0.0-20190426092945-678096d81a4b h1:LilU5ERRFWL+2D6yR1PL2oeS4n+xyTq1vfv39LFVaeE=
github.com/gonum/graph v0.0.0-20190426092945-678096d81a4b/go.mod h1:ye018NnX1zrbOLqwBvs2HqyyTouQgnL8C+qzYk1snPY=
github.com/yourbasic/graph v0.0.0-20210606180040-8ecfec1c2869 h1:7v7L5lsfw4w8iqBBXETukHo4IPltmD+mWoLRYUmeGN8=
github.com/yourbasic/graph v0.0.0-20210606180040-8ecfec1c2869/go.mod h1:Rfzr+sqaDreiCaoQbFCu3sTXxeFq/9kXRuyOoSlGQHE=
golang.org/x/tools v0.1.12 h1:VveCTK38A2rkS8ZqFY25HIDFscX5X9OoEhJd3quQmXU=
golang.org/x/tools v0.1.12/go.mod h1:hNGJHUnrk76NpqgfD5Aqm5Crs+Hm0VOH/i9J2+nxYbc=
